
Microsoft Visual Studio Solution File, Format Version 12.00
# Visual Studio Version 17
VisualStudioVersion = 17.10.35027.167
MinimumVisualStudioVersion = 10.0.40219.1
Project("{2150E333-8FDC-42A3-9474-1A3956D46DE8}") = "1. Enterprise Business Rules", "1. Enterprise Business Rules", "{175AD219-3647-4CFA-82D8-A1A48DE3CB81}"
EndProject
Project("{FAE04EC0-301F-11D3-BF4B-00C04F79EFBC}") = "GraphT.Model", "GraphT.Model\GraphT.Model.csproj", "{97B4BEB7-2EC2-4ED2-90DB-917C5B830A5F}"
EndProject
Project("{2150E333-8FDC-42A3-9474-1A3956D46DE8}") = "2. Application Business Rules", "2. Application Business Rules", "{85F31862-47DA-4973-8CB6-F9624A137BF3}"
EndProject
Project("{FAE04EC0-301F-11D3-BF4B-00C04F79EFBC}") = "GraphT.UseCases", "GraphT.UseCases\GraphT.UseCases.csproj", "{37C6270D-E8BB-4797-AAEA-925D7B138FDD}"
EndProject
Project("{FAE04EC0-301F-11D3-BF4B-00C04F79EFBC}") = "SeedWork", "SeedWork\SeedWork.csproj", "{8F09B943-322F-4B81-8002-9C1E4E14D47A}"
EndProject
Project("{2150E333-8FDC-42A3-9474-1A3956D46DE8}") = "3. Interface Adapters", "3. Interface Adapters", "{85AE4782-CF96-440F-8E4E-07D9F21905E5}"
EndProject
Project("{FAE04EC0-301F-11D3-BF4B-00C04F79EFBC}") = "GraphT.Controllers", "GraphT.Controllers\GraphT.Controllers.csproj", "{5464D7A9-497A-405D-AD99-82F093F1AD9A}"
EndProject
Project("{FAE04EC0-301F-11D3-BF4B-00C04F79EFBC}") = "GraphT.Presenters", "GraphT.Presenters\GraphT.Presenters.csproj", "{C6B1C088-B4BB-46BC-9892-7C8F780B39CC}"
EndProject
Project("{FAE04EC0-301F-11D3-BF4B-00C04F79EFBC}") = "GraphT.IoC", "GraphT.IoC\GraphT.IoC.csproj", "{3D5F4A98-B89B-404B-8D97-E92131961A14}"
EndProject
Project("{2150E333-8FDC-42A3-9474-1A3956D46DE8}") = "Gateways", "Gateways", "{54EE4546-A7C6-44DF-AD99-AE51B177E94A}"
EndProject
Project("{2150E333-8FDC-42A3-9474-1A3956D46DE8}") = "Repositories", "Repositories", "{79700CE8-310F-4E21-B8D9-35552E639826}"
EndProject
Project("{2150E333-8FDC-42A3-9474-1A3956D46DE8}") = "4. Frameworks And Drivers", "4. Frameworks And Drivers", "{F4D3ACD6-4AD7-4EED-ABE2-C0F85422C859}"
EndProject
Project("{2150E333-8FDC-42A3-9474-1A3956D46DE8}") = "Web", "Web", "{2789D0EA-29BE-4D37-817C-A03F84E4DDE4}"
EndProject
Project("{FAE04EC0-301F-11D3-BF4B-00C04F79EFBC}") = "GraphT.WebAPI", "GraphT.WebAPI\GraphT.WebAPI.csproj", "{5F2A1EF2-72F8-4644-8FC9-3641219ECCF3}"
EndProject
Project("{2150E333-8FDC-42A3-9474-1A3956D46DE8}") = "5. Unit Tests", "5. Unit Tests", "{91E66628-F973-45A9-B247-1B88599BB8D2}"
EndProject
Project("{FAE04EC0-301F-11D3-BF4B-00C04F79EFBC}") = "GraphT.Model.Tests", "GraphT.Model.Tests\GraphT.Model.Tests.csproj", "{2606DB1D-0888-40A8-A151-5C2C85893E7A}"
EndProject
Project("{FAE04EC0-301F-11D3-BF4B-00C04F79EFBC}") = "GraphT.EfCore.Repositories", "GraphT.EfCore.Repositories\GraphT.EfCore.Repositories.csproj", "{2C1A3413-54E8-416E-9980-52554F8DF2BC}"
EndProject
Project("{FAE04EC0-301F-11D3-BF4B-00C04F79EFBC}") = "GraphT.EfCore.Repositories.Tests", "GraphT.EfCore.Repositories.Tests\GraphT.EfCore.Repositories.Tests.csproj", "{9DCF1977-F571-4F58-899A-67FBAE4D560B}"
EndProject
Project("{FAE04EC0-301F-11D3-BF4B-00C04F79EFBC}") = "GraphT.UseCases.Tests", "GraphT.UseCases.Tests\GraphT.UseCases.Tests.csproj", "{0607F82B-4445-4D41-90E5-9BCB57D2658D}"
EndProject
Project("{2150E333-8FDC-42A3-9474-1A3956D46DE8}") = "Multi-Platform", "Multi-Platform", "{82A5EAF4-9A6C-4B4F-BE1E-2498FD5C273F}"
EndProject
Global
	GlobalSection(SolutionConfigurationPlatforms) = preSolution
		Debug|Any CPU = Debug|Any CPU
		Release|Any CPU = Release|Any CPU
	EndGlobalSection
	GlobalSection(ProjectConfigurationPlatforms) = postSolution
		{97B4BEB7-2EC2-4ED2-90DB-917C5B830A5F}.Debug|Any CPU.ActiveCfg = Debug|Any CPU
		{97B4BEB7-2EC2-4ED2-90DB-917C5B830A5F}.Debug|Any CPU.Build.0 = Debug|Any CPU
		{97B4BEB7-2EC2-4ED2-90DB-917C5B830A5F}.Release|Any CPU.ActiveCfg = Release|Any CPU
		{97B4BEB7-2EC2-4ED2-90DB-917C5B830A5F}.Release|Any CPU.Build.0 = Release|Any CPU
		{37C6270D-E8BB-4797-AAEA-925D7B138FDD}.Debug|Any CPU.ActiveCfg = Debug|Any CPU
		{37C6270D-E8BB-4797-AAEA-925D7B138FDD}.Debug|Any CPU.Build.0 = Debug|Any CPU
		{37C6270D-E8BB-4797-AAEA-925D7B138FDD}.Release|Any CPU.ActiveCfg = Release|Any CPU
		{37C6270D-E8BB-4797-AAEA-925D7B138FDD}.Release|Any CPU.Build.0 = Release|Any CPU
		{8F09B943-322F-4B81-8002-9C1E4E14D47A}.Debug|Any CPU.ActiveCfg = Debug|Any CPU
		{8F09B943-322F-4B81-8002-9C1E4E14D47A}.Debug|Any CPU.Build.0 = Debug|Any CPU
		{8F09B943-322F-4B81-8002-9C1E4E14D47A}.Release|Any CPU.ActiveCfg = Release|Any CPU
		{8F09B943-322F-4B81-8002-9C1E4E14D47A}.Release|Any CPU.Build.0 = Release|Any CPU
		{5464D7A9-497A-405D-AD99-82F093F1AD9A}.Debug|Any CPU.ActiveCfg = Debug|Any CPU
		{5464D7A9-497A-405D-AD99-82F093F1AD9A}.Debug|Any CPU.Build.0 = Debug|Any CPU
		{5464D7A9-497A-405D-AD99-82F093F1AD9A}.Release|Any CPU.ActiveCfg = Release|Any CPU
		{5464D7A9-497A-405D-AD99-82F093F1AD9A}.Release|Any CPU.Build.0 = Release|Any CPU
		{C6B1C088-B4BB-46BC-9892-7C8F780B39CC}.Debug|Any CPU.ActiveCfg = Debug|Any CPU
		{C6B1C088-B4BB-46BC-9892-7C8F780B39CC}.Debug|Any CPU.Build.0 = Debug|Any CPU
		{C6B1C088-B4BB-46BC-9892-7C8F780B39CC}.Release|Any CPU.ActiveCfg = Release|Any CPU
		{C6B1C088-B4BB-46BC-9892-7C8F780B39CC}.Release|Any CPU.Build.0 = Release|Any CPU
		{3D5F4A98-B89B-404B-8D97-E92131961A14}.Debug|Any CPU.ActiveCfg = Debug|Any CPU
		{3D5F4A98-B89B-404B-8D97-E92131961A14}.Debug|Any CPU.Build.0 = Debug|Any CPU
		{3D5F4A98-B89B-404B-8D97-E92131961A14}.Release|Any CPU.ActiveCfg = Release|Any CPU
		{3D5F4A98-B89B-404B-8D97-E92131961A14}.Release|Any CPU.Build.0 = Release|Any CPU
		{5F2A1EF2-72F8-4644-8FC9-3641219ECCF3}.Debug|Any CPU.ActiveCfg = Debug|Any CPU
		{5F2A1EF2-72F8-4644-8FC9-3641219ECCF3}.Debug|Any CPU.Build.0 = Debug|Any CPU
		{5F2A1EF2-72F8-4644-8FC9-3641219ECCF3}.Release|Any CPU.ActiveCfg = Release|Any CPU
		{5F2A1EF2-72F8-4644-8FC9-3641219ECCF3}.Release|Any CPU.Build.0 = Release|Any CPU
		{2606DB1D-0888-40A8-A151-5C2C85893E7A}.Debug|Any CPU.ActiveCfg = Debug|Any CPU
		{2606DB1D-0888-40A8-A151-5C2C85893E7A}.Debug|Any CPU.Build.0 = Debug|Any CPU
		{2606DB1D-0888-40A8-A151-5C2C85893E7A}.Release|Any CPU.ActiveCfg = Release|Any CPU
		{2606DB1D-0888-40A8-A151-5C2C85893E7A}.Release|Any CPU.Build.0 = Release|Any CPU
		{2C1A3413-54E8-416E-9980-52554F8DF2BC}.Debug|Any CPU.ActiveCfg = Debug|Any CPU
		{2C1A3413-54E8-416E-9980-52554F8DF2BC}.Debug|Any CPU.Build.0 = Debug|Any CPU
		{2C1A3413-54E8-416E-9980-52554F8DF2BC}.Release|Any CPU.ActiveCfg = Release|Any CPU
		{2C1A3413-54E8-416E-9980-52554F8DF2BC}.Release|Any CPU.Build.0 = Release|Any CPU
		{9DCF1977-F571-4F58-899A-67FBAE4D560B}.Debug|Any CPU.ActiveCfg = Debug|Any CPU
		{9DCF1977-F571-4F58-899A-67FBAE4D560B}.Debug|Any CPU.Build.0 = Debug|Any CPU
		{9DCF1977-F571-4F58-899A-67FBAE4D560B}.Release|Any CPU.ActiveCfg = Release|Any CPU
		{9DCF1977-F571-4F58-899A-67FBAE4D560B}.Release|Any CPU.Build.0 = Release|Any CPU
		{0607F82B-4445-4D41-90E5-9BCB57D2658D}.Debug|Any CPU.ActiveCfg = Debug|Any CPU
		{0607F82B-4445-4D41-90E5-9BCB57D2658D}.Debug|Any CPU.Build.0 = Debug|Any CPU
		{0607F82B-4445-4D41-90E5-9BCB57D2658D}.Release|Any CPU.ActiveCfg = Release|Any CPU
		{0607F82B-4445-4D41-90E5-9BCB57D2658D}.Release|Any CPU.Build.0 = Release|Any CPU
	EndGlobalSection
	GlobalSection(SolutionProperties) = preSolution
		HideSolutionNode = FALSE
	EndGlobalSection
	GlobalSection(NestedProjects) = preSolution
		{97B4BEB7-2EC2-4ED2-90DB-917C5B830A5F} = {175AD219-3647-4CFA-82D8-A1A48DE3CB81}
		{37C6270D-E8BB-4797-AAEA-925D7B138FDD} = {85F31862-47DA-4973-8CB6-F9624A137BF3}
		{5464D7A9-497A-405D-AD99-82F093F1AD9A} = {85AE4782-CF96-440F-8E4E-07D9F21905E5}
		{C6B1C088-B4BB-46BC-9892-7C8F780B39CC} = {85AE4782-CF96-440F-8E4E-07D9F21905E5}
		{3D5F4A98-B89B-404B-8D97-E92131961A14} = {85AE4782-CF96-440F-8E4E-07D9F21905E5}
		{54EE4546-A7C6-44DF-AD99-AE51B177E94A} = {85AE4782-CF96-440F-8E4E-07D9F21905E5}
		{79700CE8-310F-4E21-B8D9-35552E639826} = {54EE4546-A7C6-44DF-AD99-AE51B177E94A}
		{2789D0EA-29BE-4D37-817C-A03F84E4DDE4} = {F4D3ACD6-4AD7-4EED-ABE2-C0F85422C859}
		{5F2A1EF2-72F8-4644-8FC9-3641219ECCF3} = {2789D0EA-29BE-4D37-817C-A03F84E4DDE4}
		{8F09B943-322F-4B81-8002-9C1E4E14D47A} = {175AD219-3647-4CFA-82D8-A1A48DE3CB81}
		{2C1A3413-54E8-416E-9980-52554F8DF2BC} = {79700CE8-310F-4E21-B8D9-35552E639826}
		{9DCF1977-F571-4F58-899A-67FBAE4D560B} = {91E66628-F973-45A9-B247-1B88599BB8D2}
		{82A5EAF4-9A6C-4B4F-BE1E-2498FD5C273F} = {F4D3ACD6-4AD7-4EED-ABE2-C0F85422C859}
		{2606DB1D-0888-40A8-A151-5C2C85893E7A} = {175AD219-3647-4CFA-82D8-A1A48DE3CB81}
		{0607F82B-4445-4D41-90E5-9BCB57D2658D} = {85F31862-47DA-4973-8CB6-F9624A137BF3}
	EndGlobalSection
	GlobalSection(ExtensibilityGlobals) = postSolution
		SolutionGuid = {3CB7701C-9BFC-46E8-B6C7-59EA107DAB92}
	EndGlobalSection
EndGlobal
