
Microsoft Visual Studio Solution File, Format Version 12.00
# Visual Studio Version 17
VisualStudioVersion = 17.10.35027.167
MinimumVisualStudioVersion = 10.0.40219.1
Project("{FAE04EC0-301F-11D3-BF4B-00C04F79EFBC}") = "GraphT.Model", "GraphT.Model\GraphT.Model.csproj", "{97B4BEB7-2EC2-4ED2-90DB-917C5B830A5F}"
EndProject
Project("{FAE04EC0-301F-11D3-BF4B-00C04F79EFBC}") = "GraphT.UseCases", "GraphT.UseCases\GraphT.UseCases.csproj", "{37C6270D-E8BB-4797-AAEA-925D7B138FDD}"
EndProject
Project("{FAE04EC0-301F-11D3-BF4B-00C04F79EFBC}") = "GraphT.Model.Tests", "GraphT.Model.Tests\GraphT.Model.Tests.csproj", "{2606DB1D-0888-40A8-A151-5C2C85893E7A}"
EndProject
Project("{FAE04EC0-301F-11D3-BF4B-00C04F79EFBC}") = "GraphT.UseCases.Tests", "GraphT.UseCases.Tests\GraphT.UseCases.Tests.csproj", "{0607F82B-4445-4D41-90E5-9BCB57D2658D}"
EndProject
Project("{2150E333-8FDC-42A3-9474-1A3956D46DE8}") = "1. Domain", "1. Domain", "{D9D0E485-CED9-458B-8CCC-4D37337A0427}"
EndProject
Project("{2150E333-8FDC-42A3-9474-1A3956D46DE8}") = "2. App", "2. App", "{15930A33-0370-4461-869E-EB583599BBDC}"
EndProject
Project("{2150E333-8FDC-42A3-9474-1A3956D46DE8}") = "3. Infraestructure", "3. Infraestructure", "{E67FCF6D-7DF8-4C4A-A49C-26021998BB49}"
EndProject
Global
	GlobalSection(SolutionConfigurationPlatforms) = preSolution
		Debug|Any CPU = Debug|Any CPU
		Release|Any CPU = Release|Any CPU
	EndGlobalSection
	GlobalSection(ProjectConfigurationPlatforms) = postSolution
		{97B4BEB7-2EC2-4ED2-90DB-917C5B830A5F}.Debug|Any CPU.ActiveCfg = Debug|Any CPU
		{97B4BEB7-2EC2-4ED2-90DB-917C5B830A5F}.Debug|Any CPU.Build.0 = Debug|Any CPU
		{97B4BEB7-2EC2-4ED2-90DB-917C5B830A5F}.Release|Any CPU.ActiveCfg = Release|Any CPU
		{97B4BEB7-2EC2-4ED2-90DB-917C5B830A5F}.Release|Any CPU.Build.0 = Release|Any CPU
		{37C6270D-E8BB-4797-AAEA-925D7B138FDD}.Debug|Any CPU.ActiveCfg = Debug|Any CPU
		{37C6270D-E8BB-4797-AAEA-925D7B138FDD}.Debug|Any CPU.Build.0 = Debug|Any CPU
		{37C6270D-E8BB-4797-AAEA-925D7B138FDD}.Release|Any CPU.ActiveCfg = Release|Any CPU
		{37C6270D-E8BB-4797-AAEA-925D7B138FDD}.Release|Any CPU.Build.0 = Release|Any CPU
		{2606DB1D-0888-40A8-A151-5C2C85893E7A}.Debug|Any CPU.ActiveCfg = Debug|Any CPU
		{2606DB1D-0888-40A8-A151-5C2C85893E7A}.Debug|Any CPU.Build.0 = Debug|Any CPU
		{2606DB1D-0888-40A8-A151-5C2C85893E7A}.Release|Any CPU.ActiveCfg = Release|Any CPU
		{2606DB1D-0888-40A8-A151-5C2C85893E7A}.Release|Any CPU.Build.0 = Release|Any CPU
		{0607F82B-4445-4D41-90E5-9BCB57D2658D}.Debug|Any CPU.ActiveCfg = Debug|Any CPU
		{0607F82B-4445-4D41-90E5-9BCB57D2658D}.Debug|Any CPU.Build.0 = Debug|Any CPU
		{0607F82B-4445-4D41-90E5-9BCB57D2658D}.Release|Any CPU.ActiveCfg = Release|Any CPU
		{0607F82B-4445-4D41-90E5-9BCB57D2658D}.Release|Any CPU.Build.0 = Release|Any CPU
	EndGlobalSection
	GlobalSection(SolutionProperties) = preSolution
		HideSolutionNode = FALSE
	EndGlobalSection
	GlobalSection(NestedProjects) = preSolution
		{37C6270D-E8BB-4797-AAEA-925D7B138FDD} = {15930A33-0370-4461-869E-EB583599BBDC}
		{0607F82B-4445-4D41-90E5-9BCB57D2658D} = {15930A33-0370-4461-869E-EB583599BBDC}
		{97B4BEB7-2EC2-4ED2-90DB-917C5B830A5F} = {D9D0E485-CED9-458B-8CCC-4D37337A0427}
		{2606DB1D-0888-40A8-A151-5C2C85893E7A} = {D9D0E485-CED9-458B-8CCC-4D37337A0427}
	EndGlobalSection
	GlobalSection(ExtensibilityGlobals) = postSolution
		SolutionGuid = {3CB7701C-9BFC-46E8-B6C7-59EA107DAB92}
	EndGlobalSection
EndGlobal
